{
  "requires": true,
  "lockfileVersion": 1,
  "dependencies": {
    "carousel": {
      "version": "0.0.3",
      "resolved": "https://registry.npmjs.org/carousel/-/carousel-0.0.3.tgz",
      "integrity": "sha1-+DylWDFlu5jxdMAeZ6G1S5AsyX8=",
      "requires": {
        "domready": "~0.2.12"
      }
    },
    "domready": {
      "version": "0.2.13",
      "resolved": "https://registry.npmjs.org/domready/-/domready-0.2.13.tgz",
      "integrity": "sha1-Xsg0C17l92rXL9MgB8+104os02E="
    },
    "js-cookie": {
      "version": "3.0.1",
      "resolved": "https://registry.npmjs.org/js-cookie/-/js-cookie-3.0.1.tgz",
      "integrity": "sha512-+0rgsUXZu4ncpPxRL+lNEptWMOWl9etvPHc/koSRp6MPwpRYAhmk0dUG00J4bxVV3r9uUzfo24wW0knS07SKSw=="
    },
    "react-multi-carousel": {
      "version": "2.6.5",
      "resolved": "https://registry.npmjs.org/react-multi-carousel/-/react-multi-carousel-2.6.5.tgz",
      "integrity": "sha512-i5iuAm5XRT/h7uBL9/pGWeRsQXzqvjBrPVP1sobKgDKEvfZuKFpYp/alaQhTRM56Jtkb8jZpSqLn52Ku6jJbDg=="
    }
  }
}
